
Microsoft Visual Studio Solution File, Format Version 12.00
# Visual Studio 14
VisualStudioVersion = 14.0.23107.0
MinimumVisualStudioVersion = 10.0.40219.1
Project("{FAE04EC0-301F-11D3-BF4B-00C04F79EFBC}") = "DAL", "DAL\DAL.csproj", "{5B6F6E0B-6BE3-41C4-B871-3E4DBB8D21DC}"
EndProject
Project("{FAE04EC0-301F-11D3-BF4B-00C04F79EFBC}") = "BusinessLogicLayer", "BusinessLogicLayer\BusinessLogicLayer.csproj", "{463C53EC-FDB1-4F43-B5AB-0C47DDD6D870}"
EndProject
Project("{FAE04EC0-301F-11D3-BF4B-00C04F79EFBC}") = "Entities", "Entities\Entities.csproj", "{12E6D85C-018B-407F-B870-6723D5B2DE71}"
EndProject
Project("{FAE04EC0-301F-11D3-BF4B-00C04F79EFBC}") = "RoleBasedRateSystem.Web", "RoleBasedRateSystem.Web\RoleBasedRateSystem.Web.csproj", "{C393B8E5-EC1F-477D-9514-2F063B00B752}"
EndProject
Global
	GlobalSection(SolutionConfigurationPlatforms) = preSolution
		Debug|Any CPU = Debug|Any CPU
		Release|Any CPU = Release|Any CPU
	EndGlobalSection
	GlobalSection(ProjectConfigurationPlatforms) = postSolution
		{5B6F6E0B-6BE3-41C4-B871-3E4DBB8D21DC}.Debug|Any CPU.ActiveCfg = Debug|Any CPU
		{5B6F6E0B-6BE3-41C4-B871-3E4DBB8D21DC}.Debug|Any CPU.Build.0 = Debug|Any CPU
		{5B6F6E0B-6BE3-41C4-B871-3E4DBB8D21DC}.Release|Any CPU.ActiveCfg = Release|Any CPU
		{5B6F6E0B-6BE3-41C4-B871-3E4DBB8D21DC}.Release|Any CPU.Build.0 = Release|Any CPU
		{463C53EC-FDB1-4F43-B5AB-0C47DDD6D870}.Debug|Any CPU.ActiveCfg = Debug|Any CPU
		{463C53EC-FDB1-4F43-B5AB-0C47DDD6D870}.Debug|Any CPU.Build.0 = Debug|Any CPU
		{463C53EC-FDB1-4F43-B5AB-0C47DDD6D870}.Release|Any CPU.ActiveCfg = Release|Any CPU
		{463C53EC-FDB1-4F43-B5AB-0C47DDD6D870}.Release|Any CPU.Build.0 = Release|Any CPU
		{12E6D85C-018B-407F-B870-6723D5B2DE71}.Debug|Any CPU.ActiveCfg = Debug|Any CPU
		{12E6D85C-018B-407F-B870-6723D5B2DE71}.Debug|Any CPU.Build.0 = Debug|Any CPU
		{12E6D85C-018B-407F-B870-6723D5B2DE71}.Release|Any CPU.ActiveCfg = Release|Any CPU
		{12E6D85C-018B-407F-B870-6723D5B2DE71}.Release|Any CPU.Build.0 = Release|Any CPU
		{C393B8E5-EC1F-477D-9514-2F063B00B752}.Debug|Any CPU.ActiveCfg = Debug|Any CPU
		{C393B8E5-EC1F-477D-9514-2F063B00B752}.Debug|Any CPU.Build.0 = Debug|Any CPU
		{C393B8E5-EC1F-477D-9514-2F063B00B752}.Release|Any CPU.ActiveCfg = Release|Any CPU
		{C393B8E5-EC1F-477D-9514-2F063B00B752}.Release|Any CPU.Build.0 = Release|Any CPU
	EndGlobalSection
	GlobalSection(SolutionProperties) = preSolution
		HideSolutionNode = FALSE
	EndGlobalSection
EndGlobal
